
Microsoft Visual Studio Solution File, Format Version 12.00
# Visual Studio Version 17
VisualStudioVersion = 17.4.33213.308
MinimumVisualStudioVersion = 10.0.40219.1
Project("{FAE04EC0-301F-11D3-BF4B-00C04F79EFBC}") = "Assignment1OOPCarClass", "Assignment1OOPCarClass\Assignment1OOPCarClass.csproj", "{D336D728-62B7-477B-BB32-10F3C2433949}"
EndProject
Global
	GlobalSection(SolutionConfigurationPlatforms) = preSolution
		Debug|Any CPU = Debug|Any CPU
		Release|Any CPU = Release|Any CPU
	EndGlobalSection
	GlobalSection(ProjectConfigurationPlatforms) = postSolution
		{D336D728-62B7-477B-BB32-10F3C2433949}.Debug|Any CPU.ActiveCfg = Debug|Any CPU
		{D336D728-62B7-477B-BB32-10F3C2433949}.Debug|Any CPU.Build.0 = Debug|Any CPU
		{D336D728-62B7-477B-BB32-10F3C2433949}.Release|Any CPU.ActiveCfg = Release|Any CPU
		{D336D728-62B7-477B-BB32-10F3C2433949}.Release|Any CPU.Build.0 = Release|Any CPU
	EndGlobalSection
	GlobalSection(SolutionProperties) = preSolution
		HideSolutionNode = FALSE
	EndGlobalSection
	GlobalSection(ExtensibilityGlobals) = postSolution
		SolutionGuid = {FEC6030C-D1F7-4ED9-905E-EE807B4BACDE}
	EndGlobalSection
EndGlobal
